// !$*UTF8*$!
{
	archiveVersion = 1;
	classes = {
	};
	objectVersion = 51;
	objects = {

/* Begin PBXBuildFile section */
		6AFF7F5B1B81D77F03C99360 /* Pods_BiteMe.framework in Frameworks */ = {isa = PBXBuildFile; fileRef = 61768DA77149E0F87F499928 /* Pods_BiteMe.framework */; };
		DD0A3A4A24E003A400F348D4 /* AppDelegate.swift in Sources */ = {isa = PBXBuildFile; fileRef = DD0A3A4924E003A400F348D4 /* AppDelegate.swift */; };
		DD0A3A4C24E003A400F348D4 /* SceneDelegate.swift in Sources */ = {isa = PBXBuildFile; fileRef = DD0A3A4B24E003A400F348D4 /* SceneDelegate.swift */; };
		DD0A3A4E24E003A400F348D4 /* ViewController.swift in Sources */ = {isa = PBXBuildFile; fileRef = DD0A3A4D24E003A400F348D4 /* ViewController.swift */; };
		DD0A3A5124E003A400F348D4 /* Main.storyboard in Resources */ = {isa = PBXBuildFile; fileRef = DD0A3A4F24E003A400F348D4 /* Main.storyboard */; };
		DD0A3A5324E003A900F348D4 /* Assets.xcassets in Resources */ = {isa = PBXBuildFile; fileRef = DD0A3A5224E003A900F348D4 /* Assets.xcassets */; };
		DD0A3A5624E003A900F348D4 /* LaunchScreen.storyboard in Resources */ = {isa = PBXBuildFile; fileRef = DD0A3A5424E003A900F348D4 /* LaunchScreen.storyboard */; };
		DD1066922503EA6C007EF9F6 /* BeerLibraryTableViewController.swift in Sources */ = {isa = PBXBuildFile; fileRef = DD1066912503EA6C007EF9F6 /* BeerLibraryTableViewController.swift */; };
		DD834C5A24F6CDF7004DC0E6 /* GoogleService-Info.plist in Resources */ = {isa = PBXBuildFile; fileRef = DD834C5924F6CDF7004DC0E6 /* GoogleService-Info.plist */; };
		DDA395C924ED50FC00A7FB9B /* BeerData.swift in Sources */ = {isa = PBXBuildFile; fileRef = DDA395C824ED50FB00A7FB9B /* BeerData.swift */; };
		DDA4A80B2506A076008405C1 /* TableCellTableViewCell.swift in Sources */ = {isa = PBXBuildFile; fileRef = DDA4A80A2506A076008405C1 /* TableCellTableViewCell.swift */; };
		DDA4A80D2506A14E008405C1 /* BeerImageClassifierV6_withoutPL.mlmodel in Sources */ = {isa = PBXBuildFile; fileRef = DDA4A80C2506A14E008405C1 /* BeerImageClassifierV6_withoutPL.mlmodel */; };
		DDAE0D842517F47F0065ED9B /* BeerImageClassifier_1_1_0_2.mlmodel in Sources */ = {isa = PBXBuildFile; fileRef = DDAE0D832517F47F0065ED9B /* BeerImageClassifier_1_1_0_2.mlmodel */; };
		DDECFC2724F2995900FBBFCA /* BeerImageClassifierBest.mlmodel in Sources */ = {isa = PBXBuildFile; fileRef = DDECFC2624F2995900FBBFCA /* BeerImageClassifierBest.mlmodel */; };
		DDF725F62514F39900096A08 /* DetailBeerViewController.swift in Sources */ = {isa = PBXBuildFile; fileRef = DDF725F52514F39900096A08 /* DetailBeerViewController.swift */; };
/* End PBXBuildFile section */

/* Begin PBXFileReference section */
		0D8CA81DAD2CF63D3FF9F4A5 /* Pods-BiteMe.debug.xcconfig */ = {isa = PBXFileReference; includeInIndex = 1; lastKnownFileType = text.xcconfig; name = "Pods-BiteMe.debug.xcconfig"; path = "Target Support Files/Pods-BiteMe/Pods-BiteMe.debug.xcconfig"; sourceTree = "<group>"; };
		443DA050A79293A3EDB5E26C /* Pods-BiteMe.release.xcconfig */ = {isa = PBXFileReference; includeInIndex = 1; lastKnownFileType = text.xcconfig; name = "Pods-BiteMe.release.xcconfig"; path = "Target Support Files/Pods-BiteMe/Pods-BiteMe.release.xcconfig"; sourceTree = "<group>"; };
		61768DA77149E0F87F499928 /* Pods_BiteMe.framework */ = {isa = PBXFileReference; explicitFileType = wrapper.framework; includeInIndex = 0; path = Pods_BiteMe.framework; sourceTree = BUILT_PRODUCTS_DIR; };
		DD0A3A4624E003A400F348D4 /* BiteMe.app */ = {isa = PBXFileReference; explicitFileType = wrapper.application; includeInIndex = 0; path = BiteMe.app; sourceTree = BUILT_PRODUCTS_DIR; };
		DD0A3A4924E003A400F348D4 /* AppDelegate.swift */ = {isa = PBXFileReference; lastKnownFileType = sourcecode.swift; path = AppDelegate.swift; sourceTree = "<group>"; };
		DD0A3A4B24E003A400F348D4 /* SceneDelegate.swift */ = {isa = PBXFileReference; lastKnownFileType = sourcecode.swift; path = SceneDelegate.swift; sourceTree = "<group>"; };
		DD0A3A4D24E003A400F348D4 /* ViewController.swift */ = {isa = PBXFileReference; lastKnownFileType = sourcecode.swift; path = ViewController.swift; sourceTree = "<group>"; };
		DD0A3A5024E003A400F348D4 /* Base */ = {isa = PBXFileReference; lastKnownFileType = file.storyboard; name = Base; path = Base.lproj/Main.storyboard; sourceTree = "<group>"; };
		DD0A3A5224E003A900F348D4 /* Assets.xcassets */ = {isa = PBXFileReference; lastKnownFileType = folder.assetcatalog; path = Assets.xcassets; sourceTree = "<group>"; };
		DD0A3A5524E003A900F348D4 /* Base */ = {isa = PBXFileReference; lastKnownFileType = file.storyboard; name = Base; path = Base.lproj/LaunchScreen.storyboard; sourceTree = "<group>"; };
		DD0A3A5724E003A900F348D4 /* Info.plist */ = {isa = PBXFileReference; lastKnownFileType = text.plist.xml; path = Info.plist; sourceTree = "<group>"; };
		DD1066912503EA6C007EF9F6 /* BeerLibraryTableViewController.swift */ = {isa = PBXFileReference; lastKnownFileType = sourcecode.swift; path = BeerLibraryTableViewController.swift; sourceTree = "<group>"; };
		DD834C5924F6CDF7004DC0E6 /* GoogleService-Info.plist */ = {isa = PBXFileReference; fileEncoding = 4; lastKnownFileType = text.plist.xml; name = "GoogleService-Info.plist"; path = "Target Support Files/Pods-BiteMe/GoogleService-Info.plist"; sourceTree = "<group>"; };
		DDA395C824ED50FB00A7FB9B /* BeerData.swift */ = {isa = PBXFileReference; lastKnownFileType = sourcecode.swift; path = BeerData.swift; sourceTree = "<group>"; };
		DDA4A80A2506A076008405C1 /* TableCellTableViewCell.swift */ = {isa = PBXFileReference; lastKnownFileType = sourcecode.swift; path = TableCellTableViewCell.swift; sourceTree = "<group>"; };
		DDA4A80C2506A14E008405C1 /* BeerImageClassifierV6_withoutPL.mlmodel */ = {isa = PBXFileReference; lastKnownFileType = file.mlmodel; path = BeerImageClassifierV6_withoutPL.mlmodel; sourceTree = "<group>"; };
		DDAE0D832517F47F0065ED9B /* BeerImageClassifier_1_1_0_2.mlmodel */ = {isa = PBXFileReference; lastKnownFileType = file.mlmodel; path = BeerImageClassifier_1_1_0_2.mlmodel; sourceTree = "<group>"; };
		DDECFC2624F2995900FBBFCA /* BeerImageClassifierBest.mlmodel */ = {isa = PBXFileReference; lastKnownFileType = file.mlmodel; path = BeerImageClassifierBest.mlmodel; sourceTree = "<group>"; };
		DDF725F52514F39900096A08 /* DetailBeerViewController.swift */ = {isa = PBXFileReference; lastKnownFileType = sourcecode.swift; path = DetailBeerViewController.swift; sourceTree = "<group>"; };
/* End PBXFileReference section */

/* Begin PBXFrameworksBuildPhase section */
		DD0A3A4324E003A400F348D4 /* Frameworks */ = {
			isa = PBXFrameworksBuildPhase;
			buildActionMask = 2147483647;
			files = (
				6AFF7F5B1B81D77F03C99360 /* Pods_BiteMe.framework in Frameworks */,
			);
			runOnlyForDeploymentPostprocessing = 0;
		};
/* End PBXFrameworksBuildPhase section */

/* Begin PBXGroup section */
		7D79E269089A5B81C3E20894 /* Pods */ = {
			isa = PBXGroup;
			children = (
				DD834C5924F6CDF7004DC0E6 /* GoogleService-Info.plist */,
				0D8CA81DAD2CF63D3FF9F4A5 /* Pods-BiteMe.debug.xcconfig */,
				443DA050A79293A3EDB5E26C /* Pods-BiteMe.release.xcconfig */,
			);
			path = Pods;
			sourceTree = "<group>";
		};
		9CF0C347BBC0FE1EC1A8E091 /* Frameworks */ = {
			isa = PBXGroup;
			children = (
				61768DA77149E0F87F499928 /* Pods_BiteMe.framework */,
			);
			name = Frameworks;
			sourceTree = "<group>";
		};
		DD0A3A3D24E003A400F348D4 = {
			isa = PBXGroup;
			children = (
				DD0A3A4824E003A400F348D4 /* BiteMe */,
				DD0A3A4724E003A400F348D4 /* Products */,
				7D79E269089A5B81C3E20894 /* Pods */,
				9CF0C347BBC0FE1EC1A8E091 /* Frameworks */,
			);
			sourceTree = "<group>";
		};
		DD0A3A4724E003A400F348D4 /* Products */ = {
			isa = PBXGroup;
			children = (
				DD0A3A4624E003A400F348D4 /* BiteMe.app */,
			);
			name = Products;
			sourceTree = "<group>";
		};
		DD0A3A4824E003A400F348D4 /* BiteMe */ = {
			isa = PBXGroup;
			children = (
				DD0A3A4924E003A400F348D4 /* AppDelegate.swift */,
				DD0A3A4B24E003A400F348D4 /* SceneDelegate.swift */,
				DD0A3A4D24E003A400F348D4 /* ViewController.swift */,
				DDA395C824ED50FB00A7FB9B /* BeerData.swift */,
				DD0A3A4F24E003A400F348D4 /* Main.storyboard */,
				DDF725F52514F39900096A08 /* DetailBeerViewController.swift */,
				DDA4A80A2506A076008405C1 /* TableCellTableViewCell.swift */,
				DD1066912503EA6C007EF9F6 /* BeerLibraryTableViewController.swift */,
				DDAE0D832517F47F0065ED9B /* BeerImageClassifier_1_1_0_2.mlmodel */,
				DDA4A80C2506A14E008405C1 /* BeerImageClassifierV6_withoutPL.mlmodel */,
				DDECFC2624F2995900FBBFCA /* BeerImageClassifierBest.mlmodel */,
				DD0A3A5224E003A900F348D4 /* Assets.xcassets */,
				DD0A3A5424E003A900F348D4 /* LaunchScreen.storyboard */,
				DD0A3A5724E003A900F348D4 /* Info.plist */,
			);
			path = BiteMe;
			sourceTree = "<group>";
		};
/* End PBXGroup section */

/* Begin PBXNativeTarget section */
		DD0A3A4524E003A400F348D4 /* BiteMe */ = {
			isa = PBXNativeTarget;
			buildConfigurationList = DD0A3A5A24E003A900F348D4 /* Build configuration list for PBXNativeTarget "BiteMe" */;
			buildPhases = (
				2CB7E47831D0286E6CF25220 /* [CP] Check Pods Manifest.lock */,
				DD0A3A4224E003A400F348D4 /* Sources */,
				DD0A3A4324E003A400F348D4 /* Frameworks */,
				DD0A3A4424E003A400F348D4 /* Resources */,
				3C0C51469A83B1098B200A92 /* [CP] Embed Pods Frameworks */,
			);
			buildRules = (
			);
			dependencies = (
			);
			name = BiteMe;
			productName = BiteMe;
			productReference = DD0A3A4624E003A400F348D4 /* BiteMe.app */;
			productType = "com.apple.product-type.application";
		};
/* End PBXNativeTarget section */

/* Begin PBXProject section */
		DD0A3A3E24E003A400F348D4 /* Project object */ = {
			isa = PBXProject;
			attributes = {
				LastSwiftUpdateCheck = 1160;
				LastUpgradeCheck = 1160;
				ORGANIZATIONNAME = "Jan Krzempek";
				TargetAttributes = {
					DD0A3A4524E003A400F348D4 = {
						CreatedOnToolsVersion = 11.6;
					};
				};
			};
			buildConfigurationList = DD0A3A4124E003A400F348D4 /* Build configuration list for PBXProject "BiteMe" */;
			compatibilityVersion = "Xcode 9.3";
			developmentRegion = en;
			hasScannedForEncodings = 0;
			knownRegions = (
				en,
				Base,
			);
			mainGroup = DD0A3A3D24E003A400F348D4;
			productRefGroup = DD0A3A4724E003A400F348D4 /* Products */;
			projectDirPath = "";
			projectRoot = "";
			targets = (
				DD0A3A4524E003A400F348D4 /* BiteMe */,
			);
		};
/* End PBXProject section */

/* Begin PBXResourcesBuildPhase section */
		DD0A3A4424E003A400F348D4 /* Resources */ = {
			isa = PBXResourcesBuildPhase;
			buildActionMask = 2147483647;
			files = (
				DD0A3A5624E003A900F348D4 /* LaunchScreen.storyboard in Resources */,
				DD834C5A24F6CDF7004DC0E6 /* GoogleService-Info.plist in Resources */,
				DD0A3A5324E003A900F348D4 /* Assets.xcassets in Resources */,
				DD0A3A5124E003A400F348D4 /* Main.storyboard in Resources */,
			);
			runOnlyForDeploymentPostprocessing = 0;
		};
/* End PBXResourcesBuildPhase section */

/* Begin PBXShellScriptBuildPhase section */
		2CB7E47831D0286E6CF25220 /* [CP] Check Pods Manifest.lock */ = {
			isa = PBXShellScriptBuildPhase;
			buildActionMask = 2147483647;
			files = (
			);
			inputFileListPaths = (
			);
			inputPaths = (
				"${PODS_PODFILE_DIR_PATH}/Podfile.lock",
				"${PODS_ROOT}/Manifest.lock",
			);
			name = "[CP] Check Pods Manifest.lock";
			outputFileListPaths = (
			);
			outputPaths = (
				"$(DERIVED_FILE_DIR)/Pods-BiteMe-checkManifestLockResult.txt",
			);
			runOnlyForDeploymentPostprocessing = 0;
			shellPath = /bin/sh;
			shellScript = "diff \"${PODS_PODFILE_DIR_PATH}/Podfile.lock\" \"${PODS_ROOT}/Manifest.lock\" > /dev/null\nif [ $? != 0 ] ; then\n    # print error to STDERR\n    echo \"error: The sandbox is not in sync with the Podfile.lock. Run 'pod install' or update your CocoaPods installation.\" >&2\n    exit 1\nfi\n# This output is used by Xcode 'outputs' to avoid re-running this script phase.\necho \"SUCCESS\" > \"${SCRIPT_OUTPUT_FILE_0}\"\n";
			showEnvVarsInLog = 0;
		};
		3C0C51469A83B1098B200A92 /* [CP] Embed Pods Frameworks */ = {
			isa = PBXShellScriptBuildPhase;
			buildActionMask = 2147483647;
			files = (
			);
			inputFileListPaths = (
				"${PODS_ROOT}/Target Support Files/Pods-BiteMe/Pods-BiteMe-frameworks-${CONFIGURATION}-input-files.xcfilelist",
			);
			name = "[CP] Embed Pods Frameworks";
			outputFileListPaths = (
				"${PODS_ROOT}/Target Support Files/Pods-BiteMe/Pods-BiteMe-frameworks-${CONFIGURATION}-output-files.xcfilelist",
			);
			runOnlyForDeploymentPostprocessing = 0;
			shellPath = /bin/sh;
			shellScript = "\"${PODS_ROOT}/Target Support Files/Pods-BiteMe/Pods-BiteMe-frameworks.sh\"\n";
			showEnvVarsInLog = 0;
		};
/* End PBXShellScriptBuildPhase section */

/* Begin PBXSourcesBuildPhase section */
		DD0A3A4224E003A400F348D4 /* Sources */ = {
			isa = PBXSourcesBuildPhase;
			buildActionMask = 2147483647;
			files = (
				DDA4A80D2506A14E008405C1 /* BeerImageClassifierV6_withoutPL.mlmodel in Sources */,
				DDA395C924ED50FC00A7FB9B /* BeerData.swift in Sources */,
				DD0A3A4E24E003A400F348D4 /* ViewController.swift in Sources */,
				DDA4A80B2506A076008405C1 /* TableCellTableViewCell.swift in Sources */,
				DDF725F62514F39900096A08 /* DetailBeerViewController.swift in Sources */,
				DDECFC2724F2995900FBBFCA /* BeerImageClassifierBest.mlmodel in Sources */,
				DD0A3A4A24E003A400F348D4 /* AppDelegate.swift in Sources */,
				DD0A3A4C24E003A400F348D4 /* SceneDelegate.swift in Sources */,
				DDAE0D842517F47F0065ED9B /* BeerImageClassifier_1_1_0_2.mlmodel in Sources */,
				DD1066922503EA6C007EF9F6 /* BeerLibraryTableViewController.swift in Sources */,
			);
			runOnlyForDeploymentPostprocessing = 0;
		};
/* End PBXSourcesBuildPhase section */

/* Begin PBXVariantGroup section */
		DD0A3A4F24E003A400F348D4 /* Main.storyboard */ = {
			isa = PBXVariantGroup;
			children = (
				DD0A3A5024E003A400F348D4 /* Base */,
			);
			name = Main.storyboard;
			sourceTree = "<group>";
		};
		DD0A3A5424E003A900F348D4 /* LaunchScreen.storyboard */ = {
			isa = PBXVariantGroup;
			children = (
				DD0A3A5524E003A900F348D4 /* Base */,
			);
			name = LaunchScreen.storyboard;
			sourceTree = "<group>";
		};
/* End PBXVariantGroup section */

/* Begin XCBuildConfiguration section */
		DD0A3A5824E003A900F348D4 /* Debug */ = {
			isa = XCBuildConfiguration;
			buildSettings = {
				ALWAYS_SEARCH_USER_PATHS = NO;
				CLANG_ANALYZER_NONNULL = YES;
				CLANG_ANALYZER_NUMBER_OBJECT_CONVERSION = YES_AGGRESSIVE;
				CLANG_CXX_LANGUAGE_STANDARD = "gnu++14";
				CLANG_CXX_LIBRARY = "libc++";
				CLANG_ENABLE_MODULES = YES;
				CLANG_ENABLE_OBJC_ARC = YES;
				CLANG_ENABLE_OBJC_WEAK = YES;
				CLANG_WARN_BLOCK_CAPTURE_AUTORELEASING = YES;
				CLANG_WARN_BOOL_CONVERSION = YES;
				CLANG_WARN_COMMA = YES;
				CLANG_WARN_CONSTANT_CONVERSION = YES;
				CLANG_WARN_DEPRECATED_OBJC_IMPLEMENTATIONS = YES;
				CLANG_WARN_DIRECT_OBJC_ISA_USAGE = YES_ERROR;
				CLANG_WARN_DOCUMENTATION_COMMENTS = YES;
				CLANG_WARN_EMPTY_BODY = YES;
				CLANG_WARN_ENUM_CONVERSION = YES;
				CLANG_WARN_INFINITE_RECURSION = YES;
				CLANG_WARN_INT_CONVERSION = YES;
				CLANG_WARN_NON_LITERAL_NULL_CONVERSION = YES;
				CLANG_WARN_OBJC_IMPLICIT_RETAIN_SELF = YES;
				CLANG_WARN_OBJC_LITERAL_CONVERSION = YES;
				CLANG_WARN_OBJC_ROOT_CLASS = YES_ERROR;
				CLANG_WARN_RANGE_LOOP_ANALYSIS = YES;
				CLANG_WARN_STRICT_PROTOTYPES = YES;
				CLANG_WARN_SUSPICIOUS_MOVE = YES;
				CLANG_WARN_UNGUARDED_AVAILABILITY = YES_AGGRESSIVE;
				CLANG_WARN_UNREACHABLE_CODE = YES;
				CLANG_WARN__DUPLICATE_METHOD_MATCH = YES;
				COPY_PHASE_STRIP = NO;
				DEBUG_INFORMATION_FORMAT = dwarf;
				ENABLE_STRICT_OBJC_MSGSEND = YES;
				ENABLE_TESTABILITY = YES;
				GCC_C_LANGUAGE_STANDARD = gnu11;
				GCC_DYNAMIC_NO_PIC = NO;
				GCC_NO_COMMON_BLOCKS = YES;
				GCC_OPTIMIZATION_LEVEL = 0;
				GCC_PREPROCESSOR_DEFINITIONS = (
					"DEBUG=1",
					"$(inherited)",
				);
				GCC_WARN_64_TO_32_BIT_CONVERSION = YES;
				GCC_WARN_ABOUT_RETURN_TYPE = YES_ERROR;
				GCC_WARN_UNDECLARED_SELECTOR = YES;
				GCC_WARN_UNINITIALIZED_AUTOS = YES_AGGRESSIVE;
				GCC_WARN_UNUSED_FUNCTION = YES;
				GCC_WARN_UNUSED_VARIABLE = YES;
				IPHONEOS_DEPLOYMENT_TARGET = 13.6;
				MTL_ENABLE_DEBUG_INFO = INCLUDE_SOURCE;
				MTL_FAST_MATH = YES;
				ONLY_ACTIVE_ARCH = YES;
				SDKROOT = iphoneos;
				SWIFT_ACTIVE_COMPILATION_CONDITIONS = DEBUG;
				SWIFT_OPTIMIZATION_LEVEL = "-Onone";
			};
			name = Debug;
		};
		DD0A3A5924E003A900F348D4 /* Release */ = {
			isa = XCBuildConfiguration;
			buildSettings = {
				ALWAYS_SEARCH_USER_PATHS = NO;
				CLANG_ANALYZER_NONNULL = YES;
				CLANG_ANALYZER_NUMBER_OBJECT_CONVERSION = YES_AGGRESSIVE;
				CLANG_CXX_LANGUAGE_STANDARD = "gnu++14";
				CLANG_CXX_LIBRARY = "libc++";
				CLANG_ENABLE_MODULES = YES;
				CLANG_ENABLE_OBJC_ARC = YES;
				CLANG_ENABLE_OBJC_WEAK = YES;
				CLANG_WARN_BLOCK_CAPTURE_AUTORELEASING = YES;
				CLANG_WARN_BOOL_CONVERSION = YES;
				CLANG_WARN_COMMA = YES;
				CLANG_WARN_CONSTANT_CONVERSION = YES;
				CLANG_WARN_DEPRECATED_OBJC_IMPLEMENTATIONS = YES;
				CLANG_WARN_DIRECT_OBJC_ISA_USAGE = YES_ERROR;
				CLANG_WARN_DOCUMENTATION_COMMENTS = YES;
				CLANG_WARN_EMPTY_BODY = YES;
				CLANG_WARN_ENUM_CONVERSION = YES;
				CLANG_WARN_INFINITE_RECURSION = YES;
				CLANG_WARN_INT_CONVERSION = YES;
				CLANG_WARN_NON_LITERAL_NULL_CONVERSION = YES;
				CLANG_WARN_OBJC_IMPLICIT_RETAIN_SELF = YES;
				CLANG_WARN_OBJC_LITERAL_CONVERSION = YES;
				CLANG_WARN_OBJC_ROOT_CLASS = YES_ERROR;
				CLANG_WARN_RANGE_LOOP_ANALYSIS = YES;
				CLANG_WARN_STRICT_PROTOTYPES = YES;
				CLANG_WARN_SUSPICIOUS_MOVE = YES;
				CLANG_WARN_UNGUARDED_AVAILABILITY = YES_AGGRESSIVE;
				CLANG_WARN_UNREACHABLE_CODE = YES;
				CLANG_WARN__DUPLICATE_METHOD_MATCH = YES;
				COPY_PHASE_STRIP = NO;
				DEBUG_INFORMATION_FORMAT = "dwarf-with-dsym";
				ENABLE_NS_ASSERTIONS = NO;
				ENABLE_STRICT_OBJC_MSGSEND = YES;
				GCC_C_LANGUAGE_STANDARD = gnu11;
				GCC_NO_COMMON_BLOCKS = YES;
				GCC_WARN_64_TO_32_BIT_CONVERSION = YES;
				GCC_WARN_ABOUT_RETURN_TYPE = YES_ERROR;
				GCC_WARN_UNDECLARED_SELECTOR = YES;
				GCC_WARN_UNINITIALIZED_AUTOS = YES_AGGRESSIVE;
				GCC_WARN_UNUSED_FUNCTION = YES;
				GCC_WARN_UNUSED_VARIABLE = YES;
				IPHONEOS_DEPLOYMENT_TARGET = 13.6;
				MTL_ENABLE_DEBUG_INFO = NO;
				MTL_FAST_MATH = YES;
				SDKROOT = iphoneos;
				SWIFT_COMPILATION_MODE = wholemodule;
				SWIFT_OPTIMIZATION_LEVEL = "-O";
				VALIDATE_PRODUCT = YES;
			};
			name = Release;
		};
		DD0A3A5B24E003A900F348D4 /* Debug */ = {
			isa = XCBuildConfiguration;
			baseConfigurationReference = 0D8CA81DAD2CF63D3FF9F4A5 /* Pods-BiteMe.debug.xcconfig */;
			buildSettings = {
				ASSETCATALOG_COMPILER_APPICON_NAME = AppIcon;
				CODE_SIGN_STYLE = Automatic;
				DEVELOPMENT_TEAM = AM68G3R43K;
				INFOPLIST_FILE = BiteMe/Info.plist;
				IPHONEOS_DEPLOYMENT_TARGET = 13.5;
				LD_RUNPATH_SEARCH_PATHS = (
					"$(inherited)",
					"@executable_path/Frameworks",
				);
				PRODUCT_BUNDLE_IDENTIFIER = jankrzempek.BiteMe;
				PRODUCT_NAME = "$(TARGET_NAME)";
				SWIFT_VERSION = 5.0;
				TARGETED_DEVICE_FAMILY = 1;
			};
			name = Debug;
		};
		DD0A3A5C24E003A900F348D4 /* Release */ = {
			isa = XCBuildConfiguration;
			baseConfigurationReference = 443DA050A79293A3EDB5E26C /* Pods-BiteMe.release.xcconfig */;
			buildSettings = {
				ASSETCATALOG_COMPILER_APPICON_NAME = AppIcon;
				CODE_SIGN_STYLE = Automatic;
				DEVELOPMENT_TEAM = AM68G3R43K;
				INFOPLIST_FILE = BiteMe/Info.plist;
				IPHONEOS_DEPLOYMENT_TARGET = 13.5;
				LD_RUNPATH_SEARCH_PATHS = (
					"$(inherited)",
					"@executable_path/Frameworks",
				);
				PRODUCT_BUNDLE_IDENTIFIER = jankrzempek.BiteMe;
				PRODUCT_NAME = "$(TARGET_NAME)";
				SWIFT_VERSION = 5.0;
				TARGETED_DEVICE_FAMILY = 1;
			};
			name = Release;
		};
/* End XCBuildConfiguration section */

/* Begin XCConfigurationList section */
		DD0A3A4124E003A400F348D4 /* Build configuration list for PBXProject "BiteMe" */ = {
			isa = XCConfigurationList;
			buildConfigurations = (
				DD0A3A5824E003A900F348D4 /* Debug */,
				DD0A3A5924E003A900F348D4 /* Release */,
			);
			defaultConfigurationIsVisible = 0;
			defaultConfigurationName = Release;
		};
		DD0A3A5A24E003A900F348D4 /* Build configuration list for PBXNativeTarget "BiteMe" */ = {
			isa = XCConfigurationList;
			buildConfigurations = (
				DD0A3A5B24E003A900F348D4 /* Debug */,
				DD0A3A5C24E003A900F348D4 /* Release */,
			);
			defaultConfigurationIsVisible = 0;
			defaultConfigurationName = Release;
		};
/* End XCConfigurationList section */
	};
	rootObject = DD0A3A3E24E003A400F348D4 /* Project object */;
}
